
Microsoft Visual Studio Solution File, Format Version 12.00
# Visual Studio Version 16
VisualStudioVersion = 16.0.31829.152
MinimumVisualStudioVersion = 10.0.40219.1
Project("{FAE04EC0-301F-11D3-BF4B-00C04F79EFBC}") = "programacion5", "programacion5\programacion5.csproj", "{B30C5558-613B-4BB1-B863-C23335B51A92}"
EndProject
Global
	GlobalSection(SolutionConfigurationPlatforms) = preSolution
		Debug|Any CPU = Debug|Any CPU
		Release|Any CPU = Release|Any CPU
	EndGlobalSection
	GlobalSection(ProjectConfigurationPlatforms) = postSolution
		{B30C5558-613B-4BB1-B863-C23335B51A92}.Debug|Any CPU.ActiveCfg = Debug|Any CPU
		{B30C5558-613B-4BB1-B863-C23335B51A92}.Debug|Any CPU.Build.0 = Debug|Any CPU
		{B30C5558-613B-4BB1-B863-C23335B51A92}.Release|Any CPU.ActiveCfg = Release|Any CPU
		{B30C5558-613B-4BB1-B863-C23335B51A92}.Release|Any CPU.Build.0 = Release|Any CPU
	EndGlobalSection
	GlobalSection(SolutionProperties) = preSolution
		HideSolutionNode = FALSE
	EndGlobalSection
	GlobalSection(ExtensibilityGlobals) = postSolution
		SolutionGuid = {9717E1BD-FCE5-430D-9DC8-54D712A3F3C5}
	EndGlobalSection
EndGlobal
